
Microsoft Visual Studio Solution File, Format Version 12.00
# Visual Studio Version 17
VisualStudioVersion = 17.9.34607.119
MinimumVisualStudioVersion = 10.0.40219.1
Project("{FAE04EC0-301F-11D3-BF4B-00C04F79EFBC}") = "winform_mvc", "winform_mvc.csproj", "{DB292E26-21AB-425E-B79C-E077FD7DBA45}"
EndProject
Global
	GlobalSection(SolutionConfigurationPlatforms) = preSolution
		Debug|Any CPU = Debug|Any CPU
		Release|Any CPU = Release|Any CPU
	EndGlobalSection
	GlobalSection(ProjectConfigurationPlatforms) = postSolution
		{DB292E26-21AB-425E-B79C-E077FD7DBA45}.Debug|Any CPU.ActiveCfg = Debug|Any CPU
		{DB292E26-21AB-425E-B79C-E077FD7DBA45}.Debug|Any CPU.Build.0 = Debug|Any CPU
		{DB292E26-21AB-425E-B79C-E077FD7DBA45}.Release|Any CPU.ActiveCfg = Release|Any CPU
		{DB292E26-21AB-425E-B79C-E077FD7DBA45}.Release|Any CPU.Build.0 = Release|Any CPU
	EndGlobalSection
	GlobalSection(SolutionProperties) = preSolution
		HideSolutionNode = FALSE
	EndGlobalSection
	GlobalSection(ExtensibilityGlobals) = postSolution
		SolutionGuid = {124830B6-C833-42C4-86DC-A654A7149827}
	EndGlobalSection
EndGlobal
